// !$*UTF8*$!
{
	archiveVersion = 1;
	classes = {
	};
	objectVersion = 56;
	objects = {

/* Begin PBXBuildFile section */
		560B62F12B1AA3B4006BF2B0 /* DevoteUIApp.swift in Sources */ = {isa = PBXBuildFile; fileRef = 560B62F02B1AA3B4006BF2B0 /* DevoteUIApp.swift */; };
		560B62F32B1AA3B4006BF2B0 /* ContentView.swift in Sources */ = {isa = PBXBuildFile; fileRef = 560B62F22B1AA3B4006BF2B0 /* ContentView.swift */; };
		560B62F52B1AA3B7006BF2B0 /* Assets.xcassets in Resources */ = {isa = PBXBuildFile; fileRef = 560B62F42B1AA3B7006BF2B0 /* Assets.xcassets */; };
		560B62F82B1AA3B7006BF2B0 /* Preview Assets.xcassets in Resources */ = {isa = PBXBuildFile; fileRef = 560B62F72B1AA3B7006BF2B0 /* Preview Assets.xcassets */; };
		560B62FA2B1AA3B7006BF2B0 /* Persistence.swift in Sources */ = {isa = PBXBuildFile; fileRef = 560B62F92B1AA3B7006BF2B0 /* Persistence.swift */; };
		560B62FD2B1AA3B7006BF2B0 /* DevoteUI.xcdatamodeld in Sources */ = {isa = PBXBuildFile; fileRef = 560B62FB2B1AA3B7006BF2B0 /* DevoteUI.xcdatamodeld */; };
		560B63062B1AA446006BF2B0 /* sound-ding.mp3 in Resources */ = {isa = PBXBuildFile; fileRef = 560B63032B1AA446006BF2B0 /* sound-ding.mp3 */; };
		560B63072B1AA446006BF2B0 /* sound-rise.mp3 in Resources */ = {isa = PBXBuildFile; fileRef = 560B63042B1AA446006BF2B0 /* sound-rise.mp3 */; };
		560B63082B1AA446006BF2B0 /* sound-tap.mp3 in Resources */ = {isa = PBXBuildFile; fileRef = 560B63052B1AA446006BF2B0 /* sound-tap.mp3 */; };
		56759FAA2B21016200EE1E49 /* Constant.swift in Sources */ = {isa = PBXBuildFile; fileRef = 56759FA92B21016200EE1E49 /* Constant.swift */; };
		56D3BA112B277C4A0056E5A1 /* HideKeyboardExtension.swift in Sources */ = {isa = PBXBuildFile; fileRef = 56D3BA102B277C4A0056E5A1 /* HideKeyboardExtension.swift */; };
		56D3BA132B2782D50056E5A1 /* BackgroundImageView.swift in Sources */ = {isa = PBXBuildFile; fileRef = 56D3BA122B2782D40056E5A1 /* BackgroundImageView.swift */; };
		56D3BA152B279DD50056E5A1 /* NewTaskItemView.swift in Sources */ = {isa = PBXBuildFile; fileRef = 56D3BA142B279DD50056E5A1 /* NewTaskItemView.swift */; };
		56D3BA172B27A1140056E5A1 /* BlankView.swift in Sources */ = {isa = PBXBuildFile; fileRef = 56D3BA162B27A1140056E5A1 /* BlankView.swift */; };
		56D3BA192B27BF060056E5A1 /* ListRowItemView.swift in Sources */ = {isa = PBXBuildFile; fileRef = 56D3BA182B27BF060056E5A1 /* ListRowItemView.swift */; };
		56D3BA1B2B27C0EA0056E5A1 /* CheckboxStyle.swift in Sources */ = {isa = PBXBuildFile; fileRef = 56D3BA1A2B27C0EA0056E5A1 /* CheckboxStyle.swift */; };
		56D3BA1D2B27C5940056E5A1 /* SoundPlayer.swift in Sources */ = {isa = PBXBuildFile; fileRef = 56D3BA1C2B27C5940056E5A1 /* SoundPlayer.swift */; };
		56D3BA252B27C89F0056E5A1 /* WidgetKit.framework in Frameworks */ = {isa = PBXBuildFile; fileRef = 56D3BA242B27C89F0056E5A1 /* WidgetKit.framework */; };
		56D3BA272B27C89F0056E5A1 /* SwiftUI.framework in Frameworks */ = {isa = PBXBuildFile; fileRef = 56D3BA262B27C89F0056E5A1 /* SwiftUI.framework */; };
		56D3BA2A2B27C89F0056E5A1 /* DevoteUIWidgetBundle.swift in Sources */ = {isa = PBXBuildFile; fileRef = 56D3BA292B27C89F0056E5A1 /* DevoteUIWidgetBundle.swift */; };
		56D3BA2C2B27C89F0056E5A1 /* DevoteUIWidget.swift in Sources */ = {isa = PBXBuildFile; fileRef = 56D3BA2B2B27C89F0056E5A1 /* DevoteUIWidget.swift */; };
		56D3BA2E2B27C8A10056E5A1 /* Assets.xcassets in Resources */ = {isa = PBXBuildFile; fileRef = 56D3BA2D2B27C8A10056E5A1 /* Assets.xcassets */; };
		56D3BA322B27C8A10056E5A1 /* DevoteUIWidgetExtension.appex in Embed Foundation Extensions */ = {isa = PBXBuildFile; fileRef = 56D3BA222B27C89F0056E5A1 /* DevoteUIWidgetExtension.appex */; settings = {ATTRIBUTES = (RemoveHeadersOnCopy, ); }; };
		56D3BA372B27CCDC0056E5A1 /* Assets.xcassets in Resources */ = {isa = PBXBuildFile; fileRef = 560B62F42B1AA3B7006BF2B0 /* Assets.xcassets */; };
		56D3BA382B27CD620056E5A1 /* Constant.swift in Sources */ = {isa = PBXBuildFile; fileRef = 56759FA92B21016200EE1E49 /* Constant.swift */; };
/* End PBXBuildFile section */

/* Begin PBXContainerItemProxy section */
		56D3BA302B27C8A10056E5A1 /* PBXContainerItemProxy */ = {
			isa = PBXContainerItemProxy;
			containerPortal = 560B62E52B1AA3B4006BF2B0 /* Project object */;
			proxyType = 1;
			remoteGlobalIDString = 56D3BA212B27C89F0056E5A1;
			remoteInfo = DevoteUIWidgetExtension;
		};
/* End PBXContainerItemProxy section */

/* Begin PBXCopyFilesBuildPhase section */
		56D3BA362B27C8A10056E5A1 /* Embed Foundation Extensions */ = {
			isa = PBXCopyFilesBuildPhase;
			buildActionMask = 2147483647;
			dstPath = "";
			dstSubfolderSpec = 13;
			files = (
				56D3BA322B27C8A10056E5A1 /* DevoteUIWidgetExtension.appex in Embed Foundation Extensions */,
			);
			name = "Embed Foundation Extensions";
			runOnlyForDeploymentPostprocessing = 0;
		};
/* End PBXCopyFilesBuildPhase section */

/* Begin PBXFileReference section */
		560B62ED2B1AA3B4006BF2B0 /* DevoteUI.app */ = {isa = PBXFileReference; explicitFileType = wrapper.application; includeInIndex = 0; path = DevoteUI.app; sourceTree = BUILT_PRODUCTS_DIR; };
		560B62F02B1AA3B4006BF2B0 /* DevoteUIApp.swift */ = {isa = PBXFileReference; lastKnownFileType = sourcecode.swift; path = DevoteUIApp.swift; sourceTree = "<group>"; };
		560B62F22B1AA3B4006BF2B0 /* ContentView.swift */ = {isa = PBXFileReference; lastKnownFileType = sourcecode.swift; path = ContentView.swift; sourceTree = "<group>"; };
		560B62F42B1AA3B7006BF2B0 /* Assets.xcassets */ = {isa = PBXFileReference; lastKnownFileType = folder.assetcatalog; path = Assets.xcassets; sourceTree = "<group>"; };
		560B62F72B1AA3B7006BF2B0 /* Preview Assets.xcassets */ = {isa = PBXFileReference; lastKnownFileType = folder.assetcatalog; path = "Preview Assets.xcassets"; sourceTree = "<group>"; };
		560B62F92B1AA3B7006BF2B0 /* Persistence.swift */ = {isa = PBXFileReference; lastKnownFileType = sourcecode.swift; path = Persistence.swift; sourceTree = "<group>"; };
		560B62FC2B1AA3B7006BF2B0 /* DevoteUI.xcdatamodel */ = {isa = PBXFileReference; lastKnownFileType = wrapper.xcdatamodel; path = DevoteUI.xcdatamodel; sourceTree = "<group>"; };
		560B63032B1AA446006BF2B0 /* sound-ding.mp3 */ = {isa = PBXFileReference; lastKnownFileType = audio.mp3; path = "sound-ding.mp3"; sourceTree = "<group>"; };
		560B63042B1AA446006BF2B0 /* sound-rise.mp3 */ = {isa = PBXFileReference; lastKnownFileType = audio.mp3; path = "sound-rise.mp3"; sourceTree = "<group>"; };
		560B63052B1AA446006BF2B0 /* sound-tap.mp3 */ = {isa = PBXFileReference; lastKnownFileType = audio.mp3; path = "sound-tap.mp3"; sourceTree = "<group>"; };
		560B630F2B1AA4E6006BF2B0 /* Info.plist */ = {isa = PBXFileReference; lastKnownFileType = text.plist; path = Info.plist; sourceTree = "<group>"; };
		56759FA92B21016200EE1E49 /* Constant.swift */ = {isa = PBXFileReference; lastKnownFileType = sourcecode.swift; path = Constant.swift; sourceTree = "<group>"; };
		56D3BA102B277C4A0056E5A1 /* HideKeyboardExtension.swift */ = {isa = PBXFileReference; lastKnownFileType = sourcecode.swift; path = HideKeyboardExtension.swift; sourceTree = "<group>"; };
		56D3BA122B2782D40056E5A1 /* BackgroundImageView.swift */ = {isa = PBXFileReference; lastKnownFileType = sourcecode.swift; path = BackgroundImageView.swift; sourceTree = "<group>"; };
		56D3BA142B279DD50056E5A1 /* NewTaskItemView.swift */ = {isa = PBXFileReference; lastKnownFileType = sourcecode.swift; path = NewTaskItemView.swift; sourceTree = "<group>"; };
		56D3BA162B27A1140056E5A1 /* BlankView.swift */ = {isa = PBXFileReference; lastKnownFileType = sourcecode.swift; path = BlankView.swift; sourceTree = "<group>"; };
		56D3BA182B27BF060056E5A1 /* ListRowItemView.swift */ = {isa = PBXFileReference; lastKnownFileType = sourcecode.swift; path = ListRowItemView.swift; sourceTree = "<group>"; };
		56D3BA1A2B27C0EA0056E5A1 /* CheckboxStyle.swift */ = {isa = PBXFileReference; lastKnownFileType = sourcecode.swift; path = CheckboxStyle.swift; sourceTree = "<group>"; };
		56D3BA1C2B27C5940056E5A1 /* SoundPlayer.swift */ = {isa = PBXFileReference; lastKnownFileType = sourcecode.swift; path = SoundPlayer.swift; sourceTree = "<group>"; };
		56D3BA222B27C89F0056E5A1 /* DevoteUIWidgetExtension.appex */ = {isa = PBXFileReference; explicitFileType = "wrapper.app-extension"; includeInIndex = 0; path = DevoteUIWidgetExtension.appex; sourceTree = BUILT_PRODUCTS_DIR; };
		56D3BA242B27C89F0056E5A1 /* WidgetKit.framework */ = {isa = PBXFileReference; lastKnownFileType = wrapper.framework; name = WidgetKit.framework; path = System/Library/Frameworks/WidgetKit.framework; sourceTree = SDKROOT; };
		56D3BA262B27C89F0056E5A1 /* SwiftUI.framework */ = {isa = PBXFileReference; lastKnownFileType = wrapper.framework; name = SwiftUI.framework; path = System/Library/Frameworks/SwiftUI.framework; sourceTree = SDKROOT; };
		56D3BA292B27C89F0056E5A1 /* DevoteUIWidgetBundle.swift */ = {isa = PBXFileReference; lastKnownFileType = sourcecode.swift; path = DevoteUIWidgetBundle.swift; sourceTree = "<group>"; };
		56D3BA2B2B27C89F0056E5A1 /* DevoteUIWidget.swift */ = {isa = PBXFileReference; lastKnownFileType = sourcecode.swift; path = DevoteUIWidget.swift; sourceTree = "<group>"; };
		56D3BA2D2B27C8A10056E5A1 /* Assets.xcassets */ = {isa = PBXFileReference; lastKnownFileType = folder.assetcatalog; path = Assets.xcassets; sourceTree = "<group>"; };
		56D3BA2F2B27C8A10056E5A1 /* Info.plist */ = {isa = PBXFileReference; lastKnownFileType = text.plist.xml; path = Info.plist; sourceTree = "<group>"; };
/* End PBXFileReference section */

/* Begin PBXFrameworksBuildPhase section */
		560B62EA2B1AA3B4006BF2B0 /* Frameworks */ = {
			isa = PBXFrameworksBuildPhase;
			buildActionMask = 2147483647;
			files = (
			);
			runOnlyForDeploymentPostprocessing = 0;
		};
		56D3BA1F2B27C89F0056E5A1 /* Frameworks */ = {
			isa = PBXFrameworksBuildPhase;
			buildActionMask = 2147483647;
			files = (
				56D3BA272B27C89F0056E5A1 /* SwiftUI.framework in Frameworks */,
				56D3BA252B27C89F0056E5A1 /* WidgetKit.framework in Frameworks */,
			);
			runOnlyForDeploymentPostprocessing = 0;
		};
/* End PBXFrameworksBuildPhase section */

/* Begin PBXGroup section */
		560B62E42B1AA3B4006BF2B0 = {
			isa = PBXGroup;
			children = (
				560B62EF2B1AA3B4006BF2B0 /* DevoteUI */,
				56D3BA282B27C89F0056E5A1 /* DevoteUIWidget */,
				56D3BA232B27C89F0056E5A1 /* Frameworks */,
				560B62EE2B1AA3B4006BF2B0 /* Products */,
			);
			sourceTree = "<group>";
		};
		560B62EE2B1AA3B4006BF2B0 /* Products */ = {
			isa = PBXGroup;
			children = (
				560B62ED2B1AA3B4006BF2B0 /* DevoteUI.app */,
				56D3BA222B27C89F0056E5A1 /* DevoteUIWidgetExtension.appex */,
			);
			name = Products;
			sourceTree = "<group>";
		};
		560B62EF2B1AA3B4006BF2B0 /* DevoteUI */ = {
			isa = PBXGroup;
			children = (
				560B62F02B1AA3B4006BF2B0 /* DevoteUIApp.swift */,
				560B630A2B1AA469006BF2B0 /* View */,
				560B630E2B1AA4A6006BF2B0 /* Model */,
				560B630F2B1AA4E6006BF2B0 /* Info.plist */,
				560B630D2B1AA492006BF2B0 /* Style */,
				560B630C2B1AA483006BF2B0 /* Utility */,
				560B630B2B1AA47C006BF2B0 /* Extension */,
				560B63092B1AA462006BF2B0 /* Sound */,
				560B62F42B1AA3B7006BF2B0 /* Assets.xcassets */,
				560B62F62B1AA3B7006BF2B0 /* Preview Content */,
			);
			path = DevoteUI;
			sourceTree = "<group>";
		};
		560B62F62B1AA3B7006BF2B0 /* Preview Content */ = {
			isa = PBXGroup;
			children = (
				560B62F72B1AA3B7006BF2B0 /* Preview Assets.xcassets */,
			);
			path = "Preview Content";
			sourceTree = "<group>";
		};
		560B63092B1AA462006BF2B0 /* Sound */ = {
			isa = PBXGroup;
			children = (
				560B63032B1AA446006BF2B0 /* sound-ding.mp3 */,
				560B63042B1AA446006BF2B0 /* sound-rise.mp3 */,
				560B63052B1AA446006BF2B0 /* sound-tap.mp3 */,
			);
			path = Sound;
			sourceTree = "<group>";
		};
		560B630A2B1AA469006BF2B0 /* View */ = {
			isa = PBXGroup;
			children = (
				560B62F22B1AA3B4006BF2B0 /* ContentView.swift */,
				56D3BA122B2782D40056E5A1 /* BackgroundImageView.swift */,
				56D3BA142B279DD50056E5A1 /* NewTaskItemView.swift */,
				56D3BA162B27A1140056E5A1 /* BlankView.swift */,
				56D3BA182B27BF060056E5A1 /* ListRowItemView.swift */,
			);
			path = View;
			sourceTree = "<group>";
		};
		560B630B2B1AA47C006BF2B0 /* Extension */ = {
			isa = PBXGroup;
			children = (
				56D3BA102B277C4A0056E5A1 /* HideKeyboardExtension.swift */,
			);
			path = Extension;
			sourceTree = "<group>";
		};
		560B630C2B1AA483006BF2B0 /* Utility */ = {
			isa = PBXGroup;
			children = (
				56759FA92B21016200EE1E49 /* Constant.swift */,
				56D3BA1C2B27C5940056E5A1 /* SoundPlayer.swift */,
			);
			path = Utility;
			sourceTree = "<group>";
		};
		560B630D2B1AA492006BF2B0 /* Style */ = {
			isa = PBXGroup;
			children = (
				56D3BA1A2B27C0EA0056E5A1 /* CheckboxStyle.swift */,
			);
			path = Style;
			sourceTree = "<group>";
		};
		560B630E2B1AA4A6006BF2B0 /* Model */ = {
			isa = PBXGroup;
			children = (
				560B62FB2B1AA3B7006BF2B0 /* DevoteUI.xcdatamodeld */,
				560B62F92B1AA3B7006BF2B0 /* Persistence.swift */,
			);
			path = Model;
			sourceTree = "<group>";
		};
		56D3BA232B27C89F0056E5A1 /* Frameworks */ = {
			isa = PBXGroup;
			children = (
				56D3BA242B27C89F0056E5A1 /* WidgetKit.framework */,
				56D3BA262B27C89F0056E5A1 /* SwiftUI.framework */,
			);
			name = Frameworks;
			sourceTree = "<group>";
		};
		56D3BA282B27C89F0056E5A1 /* DevoteUIWidget */ = {
			isa = PBXGroup;
			children = (
				56D3BA292B27C89F0056E5A1 /* DevoteUIWidgetBundle.swift */,
				56D3BA2B2B27C89F0056E5A1 /* DevoteUIWidget.swift */,
				56D3BA2D2B27C8A10056E5A1 /* Assets.xcassets */,
				56D3BA2F2B27C8A10056E5A1 /* Info.plist */,
			);
			path = DevoteUIWidget;
			sourceTree = "<group>";
		};
/* End PBXGroup section */

/* Begin PBXNativeTarget section */
		560B62EC2B1AA3B4006BF2B0 /* DevoteUI */ = {
			isa = PBXNativeTarget;
			buildConfigurationList = 560B63002B1AA3B7006BF2B0 /* Build configuration list for PBXNativeTarget "DevoteUI" */;
			buildPhases = (
				560B62E92B1AA3B4006BF2B0 /* Sources */,
				560B62EA2B1AA3B4006BF2B0 /* Frameworks */,
				560B62EB2B1AA3B4006BF2B0 /* Resources */,
				56D3BA362B27C8A10056E5A1 /* Embed Foundation Extensions */,
			);
			buildRules = (
			);
			dependencies = (
				56D3BA312B27C8A10056E5A1 /* PBXTargetDependency */,
			);
			name = DevoteUI;
			productName = DevoteUI;
			productReference = 560B62ED2B1AA3B4006BF2B0 /* DevoteUI.app */;
			productType = "com.apple.product-type.application";
		};
		56D3BA212B27C89F0056E5A1 /* DevoteUIWidgetExtension */ = {
			isa = PBXNativeTarget;
			buildConfigurationList = 56D3BA332B27C8A10056E5A1 /* Build configuration list for PBXNativeTarget "DevoteUIWidgetExtension" */;
			buildPhases = (
				56D3BA1E2B27C89F0056E5A1 /* Sources */,
				56D3BA1F2B27C89F0056E5A1 /* Frameworks */,
				56D3BA202B27C89F0056E5A1 /* Resources */,
			);
			buildRules = (
			);
			dependencies = (
			);
			name = DevoteUIWidgetExtension;
			productName = DevoteUIWidgetExtension;
			productReference = 56D3BA222B27C89F0056E5A1 /* DevoteUIWidgetExtension.appex */;
			productType = "com.apple.product-type.app-extension";
		};
/* End PBXNativeTarget section */

/* Begin PBXProject section */
		560B62E52B1AA3B4006BF2B0 /* Project object */ = {
			isa = PBXProject;
			attributes = {
				BuildIndependentTargetsInParallel = 1;
				LastSwiftUpdateCheck = 1500;
				LastUpgradeCheck = 1500;
				TargetAttributes = {
					560B62EC2B1AA3B4006BF2B0 = {
						CreatedOnToolsVersion = 15.0.1;
					};
					56D3BA212B27C89F0056E5A1 = {
						CreatedOnToolsVersion = 15.0.1;
					};
				};
			};
			buildConfigurationList = 560B62E82B1AA3B4006BF2B0 /* Build configuration list for PBXProject "DevoteUI" */;
			compatibilityVersion = "Xcode 14.0";
			developmentRegion = en;
			hasScannedForEncodings = 0;
			knownRegions = (
				en,
				Base,
			);
			mainGroup = 560B62E42B1AA3B4006BF2B0;
			productRefGroup = 560B62EE2B1AA3B4006BF2B0 /* Products */;
			projectDirPath = "";
			projectRoot = "";
			targets = (
				560B62EC2B1AA3B4006BF2B0 /* DevoteUI */,
				56D3BA212B27C89F0056E5A1 /* DevoteUIWidgetExtension */,
			);
		};
/* End PBXProject section */

/* Begin PBXResourcesBuildPhase section */
		560B62EB2B1AA3B4006BF2B0 /* Resources */ = {
			isa = PBXResourcesBuildPhase;
			buildActionMask = 2147483647;
			files = (
				560B62F82B1AA3B7006BF2B0 /* Preview Assets.xcassets in Resources */,
				560B63072B1AA446006BF2B0 /* sound-rise.mp3 in Resources */,
				560B62F52B1AA3B7006BF2B0 /* Assets.xcassets in Resources */,
				560B63082B1AA446006BF2B0 /* sound-tap.mp3 in Resources */,
				560B63062B1AA446006BF2B0 /* sound-ding.mp3 in Resources */,
			);
			runOnlyForDeploymentPostprocessing = 0;
		};
		56D3BA202B27C89F0056E5A1 /* Resources */ = {
			isa = PBXResourcesBuildPhase;
			buildActionMask = 2147483647;
			files = (
				56D3BA372B27CCDC0056E5A1 /* Assets.xcassets in Resources */,
				56D3BA2E2B27C8A10056E5A1 /* Assets.xcassets in Resources */,
			);
			runOnlyForDeploymentPostprocessing = 0;
		};
/* End PBXResourcesBuildPhase section */

/* Begin PBXSourcesBuildPhase section */
		560B62E92B1AA3B4006BF2B0 /* Sources */ = {
			isa = PBXSourcesBuildPhase;
			buildActionMask = 2147483647;
			files = (
				560B62FA2B1AA3B7006BF2B0 /* Persistence.swift in Sources */,
				56D3BA132B2782D50056E5A1 /* BackgroundImageView.swift in Sources */,
				560B62F32B1AA3B4006BF2B0 /* ContentView.swift in Sources */,
				56D3BA112B277C4A0056E5A1 /* HideKeyboardExtension.swift in Sources */,
				56D3BA172B27A1140056E5A1 /* BlankView.swift in Sources */,
				56759FAA2B21016200EE1E49 /* Constant.swift in Sources */,
				56D3BA192B27BF060056E5A1 /* ListRowItemView.swift in Sources */,
				560B62FD2B1AA3B7006BF2B0 /* DevoteUI.xcdatamodeld in Sources */,
				560B62F12B1AA3B4006BF2B0 /* DevoteUIApp.swift in Sources */,
				56D3BA1B2B27C0EA0056E5A1 /* CheckboxStyle.swift in Sources */,
				56D3BA1D2B27C5940056E5A1 /* SoundPlayer.swift in Sources */,
				56D3BA152B279DD50056E5A1 /* NewTaskItemView.swift in Sources */,
			);
			runOnlyForDeploymentPostprocessing = 0;
		};
		56D3BA1E2B27C89F0056E5A1 /* Sources */ = {
			isa = PBXSourcesBuildPhase;
			buildActionMask = 2147483647;
			files = (
				56D3BA2C2B27C89F0056E5A1 /* DevoteUIWidget.swift in Sources */,
				56D3BA2A2B27C89F0056E5A1 /* DevoteUIWidgetBundle.swift in Sources */,
				56D3BA382B27CD620056E5A1 /* Constant.swift in Sources */,
			);
			runOnlyForDeploymentPostprocessing = 0;
		};
/* End PBXSourcesBuildPhase section */

/* Begin PBXTargetDependency section */
		56D3BA312B27C8A10056E5A1 /* PBXTargetDependency */ = {
			isa = PBXTargetDependency;
			target = 56D3BA212B27C89F0056E5A1 /* DevoteUIWidgetExtension */;
			targetProxy = 56D3BA302B27C8A10056E5A1 /* PBXContainerItemProxy */;
		};
/* End PBXTargetDependency section */

/* Begin XCBuildConfiguration section */
		560B62FE2B1AA3B7006BF2B0 /* Debug */ = {
			isa = XCBuildConfiguration;
			buildSettings = {
				ALWAYS_SEARCH_USER_PATHS = NO;
				ASSETCATALOG_COMPILER_GENERATE_SWIFT_ASSET_SYMBOL_EXTENSIONS = YES;
				CLANG_ANALYZER_NONNULL = YES;
				CLANG_ANALYZER_NUMBER_OBJECT_CONVERSION = YES_AGGRESSIVE;
				CLANG_CXX_LANGUAGE_STANDARD = "gnu++20";
				CLANG_ENABLE_MODULES = YES;
				CLANG_ENABLE_OBJC_ARC = YES;
				CLANG_ENABLE_OBJC_WEAK = YES;
				CLANG_WARN_BLOCK_CAPTURE_AUTORELEASING = YES;
				CLANG_WARN_BOOL_CONVERSION = YES;
				CLANG_WARN_COMMA = YES;
				CLANG_WARN_CONSTANT_CONVERSION = YES;
				CLANG_WARN_DEPRECATED_OBJC_IMPLEMENTATIONS = YES;
				CLANG_WARN_DIRECT_OBJC_ISA_USAGE = YES_ERROR;
				CLANG_WARN_DOCUMENTATION_COMMENTS = YES;
				CLANG_WARN_EMPTY_BODY = YES;
				CLANG_WARN_ENUM_CONVERSION = YES;
				CLANG_WARN_INFINITE_RECURSION = YES;
				CLANG_WARN_INT_CONVERSION = YES;
				CLANG_WARN_NON_LITERAL_NULL_CONVERSION = YES;
				CLANG_WARN_OBJC_IMPLICIT_RETAIN_SELF = YES;
				CLANG_WARN_OBJC_LITERAL_CONVERSION = YES;
				CLANG_WARN_OBJC_ROOT_CLASS = YES_ERROR;
				CLANG_WARN_QUOTED_INCLUDE_IN_FRAMEWORK_HEADER = YES;
				CLANG_WARN_RANGE_LOOP_ANALYSIS = YES;
				CLANG_WARN_STRICT_PROTOTYPES = YES;
				CLANG_WARN_SUSPICIOUS_MOVE = YES;
				CLANG_WARN_UNGUARDED_AVAILABILITY = YES_AGGRESSIVE;
				CLANG_WARN_UNREACHABLE_CODE = YES;
				CLANG_WARN__DUPLICATE_METHOD_MATCH = YES;
				COPY_PHASE_STRIP = NO;
				DEBUG_INFORMATION_FORMAT = dwarf;
				ENABLE_STRICT_OBJC_MSGSEND = YES;
				ENABLE_TESTABILITY = YES;
				ENABLE_USER_SCRIPT_SANDBOXING = YES;
				GCC_C_LANGUAGE_STANDARD = gnu17;
				GCC_DYNAMIC_NO_PIC = NO;
				GCC_NO_COMMON_BLOCKS = YES;
				GCC_OPTIMIZATION_LEVEL = 0;
				GCC_PREPROCESSOR_DEFINITIONS = (
					"DEBUG=1",
					"$(inherited)",
				);
				GCC_WARN_64_TO_32_BIT_CONVERSION = YES;
				GCC_WARN_ABOUT_RETURN_TYPE = YES_ERROR;
				GCC_WARN_UNDECLARED_SELECTOR = YES;
				GCC_WARN_UNINITIALIZED_AUTOS = YES_AGGRESSIVE;
				GCC_WARN_UNUSED_FUNCTION = YES;
				GCC_WARN_UNUSED_VARIABLE = YES;
				IPHONEOS_DEPLOYMENT_TARGET = 17.0;
				LOCALIZATION_PREFERS_STRING_CATALOGS = YES;
				MTL_ENABLE_DEBUG_INFO = INCLUDE_SOURCE;
				MTL_FAST_MATH = YES;
				ONLY_ACTIVE_ARCH = YES;
				SDKROOT = iphoneos;
				SWIFT_ACTIVE_COMPILATION_CONDITIONS = "DEBUG $(inherited)";
				SWIFT_OPTIMIZATION_LEVEL = "-Onone";
			};
			name = Debug;
		};
		560B62FF2B1AA3B7006BF2B0 /* Release */ = {
			isa = XCBuildConfiguration;
			buildSettings = {
				ALWAYS_SEARCH_USER_PATHS = NO;
				ASSETCATALOG_COMPILER_GENERATE_SWIFT_ASSET_SYMBOL_EXTENSIONS = YES;
				CLANG_ANALYZER_NONNULL = YES;
				CLANG_ANALYZER_NUMBER_OBJECT_CONVERSION = YES_AGGRESSIVE;
				CLANG_CXX_LANGUAGE_STANDARD = "gnu++20";
				CLANG_ENABLE_MODULES = YES;
				CLANG_ENABLE_OBJC_ARC = YES;
				CLANG_ENABLE_OBJC_WEAK = YES;
				CLANG_WARN_BLOCK_CAPTURE_AUTORELEASING = YES;
				CLANG_WARN_BOOL_CONVERSION = YES;
				CLANG_WARN_COMMA = YES;
				CLANG_WARN_CONSTANT_CONVERSION = YES;
				CLANG_WARN_DEPRECATED_OBJC_IMPLEMENTATIONS = YES;
				CLANG_WARN_DIRECT_OBJC_ISA_USAGE = YES_ERROR;
				CLANG_WARN_DOCUMENTATION_COMMENTS = YES;
				CLANG_WARN_EMPTY_BODY = YES;
				CLANG_WARN_ENUM_CONVERSION = YES;
				CLANG_WARN_INFINITE_RECURSION = YES;
				CLANG_WARN_INT_CONVERSION = YES;
				CLANG_WARN_NON_LITERAL_NULL_CONVERSION = YES;
				CLANG_WARN_OBJC_IMPLICIT_RETAIN_SELF = YES;
				CLANG_WARN_OBJC_LITERAL_CONVERSION = YES;
				CLANG_WARN_OBJC_ROOT_CLASS = YES_ERROR;
				CLANG_WARN_QUOTED_INCLUDE_IN_FRAMEWORK_HEADER = YES;
				CLANG_WARN_RANGE_LOOP_ANALYSIS = YES;
				CLANG_WARN_STRICT_PROTOTYPES = YES;
				CLANG_WARN_SUSPICIOUS_MOVE = YES;
				CLANG_WARN_UNGUARDED_AVAILABILITY = YES_AGGRESSIVE;
				CLANG_WARN_UNREACHABLE_CODE = YES;
				CLANG_WARN__DUPLICATE_METHOD_MATCH = YES;
				COPY_PHASE_STRIP = NO;
				DEBUG_INFORMATION_FORMAT = "dwarf-with-dsym";
				ENABLE_NS_ASSERTIONS = NO;
				ENABLE_STRICT_OBJC_MSGSEND = YES;
				ENABLE_USER_SCRIPT_SANDBOXING = YES;
				GCC_C_LANGUAGE_STANDARD = gnu17;
				GCC_NO_COMMON_BLOCKS = YES;
				GCC_WARN_64_TO_32_BIT_CONVERSION = YES;
				GCC_WARN_ABOUT_RETURN_TYPE = YES_ERROR;
				GCC_WARN_UNDECLARED_SELECTOR = YES;
				GCC_WARN_UNINITIALIZED_AUTOS = YES_AGGRESSIVE;
				GCC_WARN_UNUSED_FUNCTION = YES;
				GCC_WARN_UNUSED_VARIABLE = YES;
				IPHONEOS_DEPLOYMENT_TARGET = 17.0;
				LOCALIZATION_PREFERS_STRING_CATALOGS = YES;
				MTL_ENABLE_DEBUG_INFO = NO;
				MTL_FAST_MATH = YES;
				SDKROOT = iphoneos;
				SWIFT_COMPILATION_MODE = wholemodule;
				VALIDATE_PRODUCT = YES;
			};
			name = Release;
		};
		560B63012B1AA3B7006BF2B0 /* Debug */ = {
			isa = XCBuildConfiguration;
			buildSettings = {
				ALWAYS_EMBED_SWIFT_STANDARD_LIBRARIES = YES;
				ASSETCATALOG_COMPILER_APPICON_NAME = AppIcon;
				ASSETCATALOG_COMPILER_GLOBAL_ACCENT_COLOR_NAME = AccentColor;
				CODE_SIGN_STYLE = Automatic;
				CURRENT_PROJECT_VERSION = 1;
				DEVELOPMENT_ASSET_PATHS = "\"DevoteUI/Preview Content\"";
				DEVELOPMENT_TEAM = VXF37T9QF4;
				ENABLE_PREVIEWS = YES;
				GENERATE_INFOPLIST_FILE = YES;
				INFOPLIST_FILE = DevoteUI/Info.plist;
				INFOPLIST_KEY_UIApplicationSceneManifest_Generation = YES;
				INFOPLIST_KEY_UIApplicationSupportsIndirectInputEvents = YES;
				INFOPLIST_KEY_UISupportedInterfaceOrientations = UIInterfaceOrientationPortrait;
				INFOPLIST_KEY_UISupportedInterfaceOrientations_iPad = "UIInterfaceOrientationLandscapeLeft UIInterfaceOrientationLandscapeRight UIInterfaceOrientationPortrait UIInterfaceOrientationPortraitUpsideDown";
				LD_RUNPATH_SEARCH_PATHS = (
					"$(inherited)",
					"@executable_path/Frameworks",
				);
				MARKETING_VERSION = 1.0;
				PRODUCT_BUNDLE_IDENTIFIER = com.danielWashington.DevoteUI;
				PRODUCT_NAME = "$(TARGET_NAME)";
				SWIFT_EMIT_LOC_STRINGS = YES;
				SWIFT_VERSION = 5.0;
				TARGETED_DEVICE_FAMILY = "1,2";
			};
			name = Debug;
		};
		560B63022B1AA3B7006BF2B0 /* Release */ = {
			isa = XCBuildConfiguration;
			buildSettings = {
				ALWAYS_EMBED_SWIFT_STANDARD_LIBRARIES = YES;
				ASSETCATALOG_COMPILER_APPICON_NAME = AppIcon;
				ASSETCATALOG_COMPILER_GLOBAL_ACCENT_COLOR_NAME = AccentColor;
				CODE_SIGN_STYLE = Automatic;
				CURRENT_PROJECT_VERSION = 1;
				DEVELOPMENT_ASSET_PATHS = "\"DevoteUI/Preview Content\"";
				DEVELOPMENT_TEAM = VXF37T9QF4;
				ENABLE_PREVIEWS = YES;
				GENERATE_INFOPLIST_FILE = YES;
				INFOPLIST_FILE = DevoteUI/Info.plist;
				INFOPLIST_KEY_UIApplicationSceneManifest_Generation = YES;
				INFOPLIST_KEY_UIApplicationSupportsIndirectInputEvents = YES;
				INFOPLIST_KEY_UISupportedInterfaceOrientations = UIInterfaceOrientationPortrait;
				INFOPLIST_KEY_UISupportedInterfaceOrientations_iPad = "UIInterfaceOrientationLandscapeLeft UIInterfaceOrientationLandscapeRight UIInterfaceOrientationPortrait UIInterfaceOrientationPortraitUpsideDown";
				LD_RUNPATH_SEARCH_PATHS = (
					"$(inherited)",
					"@executable_path/Frameworks",
				);
				MARKETING_VERSION = 1.0;
				PRODUCT_BUNDLE_IDENTIFIER = com.danielWashington.DevoteUI;
				PRODUCT_NAME = "$(TARGET_NAME)";
				SWIFT_EMIT_LOC_STRINGS = YES;
				SWIFT_VERSION = 5.0;
				TARGETED_DEVICE_FAMILY = "1,2";
			};
			name = Release;
		};
		56D3BA342B27C8A10056E5A1 /* Debug */ = {
			isa = XCBuildConfiguration;
			buildSettings = {
				ASSETCATALOG_COMPILER_GLOBAL_ACCENT_COLOR_NAME = AccentColor;
				ASSETCATALOG_COMPILER_WIDGET_BACKGROUND_COLOR_NAME = WidgetBackground;
				CODE_SIGN_STYLE = Automatic;
				CURRENT_PROJECT_VERSION = 1;
				DEVELOPMENT_TEAM = VXF37T9QF4;
				GENERATE_INFOPLIST_FILE = YES;
				INFOPLIST_FILE = DevoteUIWidget/Info.plist;
				INFOPLIST_KEY_CFBundleDisplayName = DevoteUIWidget;
				INFOPLIST_KEY_NSHumanReadableCopyright = "";
				LD_RUNPATH_SEARCH_PATHS = (
					"$(inherited)",
					"@executable_path/Frameworks",
					"@executable_path/../../Frameworks",
				);
				MARKETING_VERSION = 1.0;
				PRODUCT_BUNDLE_IDENTIFIER = com.danielWashington.DevoteUI.DevoteUIWidget;
				PRODUCT_NAME = "$(TARGET_NAME)";
				SKIP_INSTALL = YES;
				SWIFT_EMIT_LOC_STRINGS = YES;
				SWIFT_VERSION = 5.0;
				TARGETED_DEVICE_FAMILY = "1,2";
			};
			name = Debug;
		};
		56D3BA352B27C8A10056E5A1 /* Release */ = {
			isa = XCBuildConfiguration;
			buildSettings = {
				ASSETCATALOG_COMPILER_GLOBAL_ACCENT_COLOR_NAME = AccentColor;
				ASSETCATALOG_COMPILER_WIDGET_BACKGROUND_COLOR_NAME = WidgetBackground;
				CODE_SIGN_STYLE = Automatic;
				CURRENT_PROJECT_VERSION = 1;
				DEVELOPMENT_TEAM = VXF37T9QF4;
				GENERATE_INFOPLIST_FILE = YES;
				INFOPLIST_FILE = DevoteUIWidget/Info.plist;
				INFOPLIST_KEY_CFBundleDisplayName = DevoteUIWidget;
				INFOPLIST_KEY_NSHumanReadableCopyright = "";
				LD_RUNPATH_SEARCH_PATHS = (
					"$(inherited)",
					"@executable_path/Frameworks",
					"@executable_path/../../Frameworks",
				);
				MARKETING_VERSION = 1.0;
				PRODUCT_BUNDLE_IDENTIFIER = com.danielWashington.DevoteUI.DevoteUIWidget;
				PRODUCT_NAME = "$(TARGET_NAME)";
				SKIP_INSTALL = YES;
				SWIFT_EMIT_LOC_STRINGS = YES;
				SWIFT_VERSION = 5.0;
				TARGETED_DEVICE_FAMILY = "1,2";
			};
			name = Release;
		};
/* End XCBuildConfiguration section */

/* Begin XCConfigurationList section */
		560B62E82B1AA3B4006BF2B0 /* Build configuration list for PBXProject "DevoteUI" */ = {
			isa = XCConfigurationList;
			buildConfigurations = (
				560B62FE2B1AA3B7006BF2B0 /* Debug */,
				560B62FF2B1AA3B7006BF2B0 /* Release */,
			);
			defaultConfigurationIsVisible = 0;
			defaultConfigurationName = Release;
		};
		560B63002B1AA3B7006BF2B0 /* Build configuration list for PBXNativeTarget "DevoteUI" */ = {
			isa = XCConfigurationList;
			buildConfigurations = (
				560B63012B1AA3B7006BF2B0 /* Debug */,
				560B63022B1AA3B7006BF2B0 /* Release */,
			);
			defaultConfigurationIsVisible = 0;
			defaultConfigurationName = Release;
		};
		56D3BA332B27C8A10056E5A1 /* Build configuration list for PBXNativeTarget "DevoteUIWidgetExtension" */ = {
			isa = XCConfigurationList;
			buildConfigurations = (
				56D3BA342B27C8A10056E5A1 /* Debug */,
				56D3BA352B27C8A10056E5A1 /* Release */,
			);
			defaultConfigurationIsVisible = 0;
			defaultConfigurationName = Release;
		};
/* End XCConfigurationList section */

/* Begin XCVersionGroup section */
		560B62FB2B1AA3B7006BF2B0 /* DevoteUI.xcdatamodeld */ = {
			isa = XCVersionGroup;
			children = (
				560B62FC2B1AA3B7006BF2B0 /* DevoteUI.xcdatamodel */,
			);
			currentVersion = 560B62FC2B1AA3B7006BF2B0 /* DevoteUI.xcdatamodel */;
			path = DevoteUI.xcdatamodeld;
			sourceTree = "<group>";
			versionGroupType = wrapper.xcdatamodel;
		};
/* End XCVersionGroup section */
	};
	rootObject = 560B62E52B1AA3B4006BF2B0 /* Project object */;
}
